Microsoft Visual Studio Solution File, Format Version 12.00
# Visual Studio 2013
VisualStudioVersion = 12.0.21005.1
MinimumVisualStudioVersion = 10.0.40219.1
Project("{F184B08F-C81C-45F6-A57F-5ABD9991F28F}") = "SelectedObjects.Module", "SelectedObjects.Module\SelectedObjects.Module.vbproj", "{E55500A3-DBFD-49B9-827C-097AFCA85173}"
EndProject
Project("{F184B08F-C81C-45F6-A57F-5ABD9991F28F}") = "SelectedObjects.Web", "SelectedObjects.Web\SelectedObjects.Web.vbproj", "{CDB41CF0-E6FA-46B7-8FA8-DA19A7E79A69}"
EndProject
Project("{F184B08F-C81C-45F6-A57F-5ABD9991F28F}") = "SelectedObjects.Win", "SelectedObjects.Win\SelectedObjects.Win.vbproj", "{212AFFDC-1E07-432C-AB11-BE73044678E5}"
EndProject
Global
	GlobalSection(SolutionConfigurationPlatforms) = preSolution
		Debug|Any CPU = Debug|Any CPU
		EasyTest|Any CPU = EasyTest|Any CPU
		Release|Any CPU = Release|Any CPU
	EndGlobalSection
	GlobalSection(ProjectConfigurationPlatforms) = postSolution
		{E55500A3-DBFD-49B9-827C-097AFCA85173}.Debug|Any CPU.ActiveCfg = Debug|Any CPU
		{E55500A3-DBFD-49B9-827C-097AFCA85173}.Debug|Any CPU.Build.0 = Debug|Any CPU
		{E55500A3-DBFD-49B9-827C-097AFCA85173}.EasyTest|Any CPU.ActiveCfg = EasyTest|Any CPU
		{E55500A3-DBFD-49B9-827C-097AFCA85173}.EasyTest|Any CPU.Build.0 = EasyTest|Any CPU
		{E55500A3-DBFD-49B9-827C-097AFCA85173}.Release|Any CPU.ActiveCfg = Release|Any CPU
		{E55500A3-DBFD-49B9-827C-097AFCA85173}.Release|Any CPU.Build.0 = Release|Any CPU
		{CDB41CF0-E6FA-46B7-8FA8-DA19A7E79A69}.Debug|Any CPU.ActiveCfg = Debug|Any CPU
		{CDB41CF0-E6FA-46B7-8FA8-DA19A7E79A69}.Debug|Any CPU.Build.0 = Debug|Any CPU
		{CDB41CF0-E6FA-46B7-8FA8-DA19A7E79A69}.EasyTest|Any CPU.ActiveCfg = EasyTest|Any CPU
		{CDB41CF0-E6FA-46B7-8FA8-DA19A7E79A69}.EasyTest|Any CPU.Build.0 = EasyTest|Any CPU
		{CDB41CF0-E6FA-46B7-8FA8-DA19A7E79A69}.Release|Any CPU.ActiveCfg = Release|Any CPU
		{CDB41CF0-E6FA-46B7-8FA8-DA19A7E79A69}.Release|Any CPU.Build.0 = Release|Any CPU
		{212AFFDC-1E07-432C-AB11-BE73044678E5}.Debug|Any CPU.ActiveCfg = Debug|Any CPU
		{212AFFDC-1E07-432C-AB11-BE73044678E5}.Debug|Any CPU.Build.0 = Debug|Any CPU
		{212AFFDC-1E07-432C-AB11-BE73044678E5}.EasyTest|Any CPU.ActiveCfg = EasyTest|Any CPU
		{212AFFDC-1E07-432C-AB11-BE73044678E5}.EasyTest|Any CPU.Build.0 = EasyTest|Any CPU
		{212AFFDC-1E07-432C-AB11-BE73044678E5}.Release|Any CPU.ActiveCfg = Release|Any CPU
		{212AFFDC-1E07-432C-AB11-BE73044678E5}.Release|Any CPU.Build.0 = Release|Any CPU
	EndGlobalSection
	GlobalSection(SolutionProperties) = preSolution
		HideSolutionNode = FALSE
	EndGlobalSection
EndGlobal
